github.com/milanaleksic/amtgo v0.5.1-0.20180809091122-b3f861da88d3 h1:Urxqr9uqYw74EfGwhFjU3tDicFN+ZMFAsgMjqJmqAhE=
github.com/milanaleksic/amtgo v0.5.1-0.20180809091122-b3f861da88d3/go.mod h1:BUYjK077ip8WyUK1R0UhHHsEwx8omLxWsfiUWelYdCY=
github.com/schnoddelbotz/amtgo v0.5.0 h1:V6H/bEYXcuwYxY50SfljVZCIY6DCckYkaQXWtxiWPAg=
github.com/schnoddelbotz/amtgo v0.5.0/go.mod h1:TRHNKpmUyYdHaQtgOmvjZzNmLdOHhsYirdIRd5YhGN0=
golang.org/x/crypto v0.0.0-20220411220226-7b82a4e95df4 h1:kUhD7nTDoI3fVd9G4ORWrbV5NY0liEs/Jg2pv5f+bBA=
golang.org/x/crypto v0.0.0-20220411220226-7b82a4e95df4/go.mod h1:IxCIyHEi3zRg3s0A5j5BB6A9Jmi73HwBIUl50j+osU4=
golang.org/x/sys v0.0.0-20220412211240-33da011f77ad h1:ntjMns5wyP/fN65tdBD4g8J5w8n015+iIIs9rtjXkY0=
golang.org/x/sys v0.0.0-20220412211240-33da011f77ad/go.mod h1:oPkhp1MJrh7nUepCBck5+mAzfO9JrbApNNgaTdGDITg=
golang.org/x/term v0.0.0-20220411215600-e5f449aeb171 h1:EH1Deb8WZJ0xc0WK//leUHXcX9aLE5SymusoTmMZye8=
golang.org/x/term v0.0.0-20220411215600-e5f449aeb171/go.mod h1:jbD1KX2456YbFQfuXm/mYQcufACuNUgVhRMnK/tPxf8=
