# This file is autogenerated, do not edit; changes may be undone by the next 'dep ensure'.


[[projects]]
  name = "github.com/milanaleksic/amtgo"
  packages = ["amt"]
  revision = "b3f861da88d33c04d11ac2bf94c65a5e2b6f03f5"
  version = "0.5.1"

[[projects]]
  name = "github.com/schnoddelbotz/amtgo"
  packages = ["amt/digest_auth_client"]
  revision = "61fb26a85f8d78cb0ced2835d1bba25b95573f1e"
  version = "v0.5.0"

[solve-meta]
  analyzer-name = "dep"
  analyzer-version = 1
  inputs-digest = "5b1ad092be510e9baea61503159b9ad3e8309094a6ea487e11e9e108b0f03b9b"
  solver-name = "gps-cdcl"
  solver-version = 1
